<?xml version="1.0" encoding="utf-8"?>
<Project ToolsVersion="4.0" xmlns="http://schemas.microsoft.com/developer/msbuild/2003">
  <ItemGroup>
    <Filter Include="源文件">
      <UniqueIdentifier>{4FC737F1-C7A5-4376-A066-2A32D752A2FF}</UniqueIdentifier>
      <Extensions>cpp;c;cc;cxx;c++;cppm;ixx;def;odl;idl;hpj;bat;asm;asmx</Extensions>
    </Filter>
    <Filter Include="头文件">
      <UniqueIdentifier>{93995380-89BD-4b04-88EB-625FBE52EBFB}</UniqueIdentifier>
      <Extensions>h;hh;hpp;hxx;h++;hm;inl;inc;ipp;xsd</Extensions>
    </Filter>
    <Filter Include="资源文件">
      <UniqueIdentifier>{67DA6AB6-F800-4c08-8B7A-83BB121AAD01}</UniqueIdentifier>
      <Extensions>rc;ico;cur;bmp;dlg;rc2;rct;bin;rgs;gif;jpg;jpeg;jpe;resx;tiff;tif;png;wav;mfcribbon-ms</Extensions>
    </Filter>
  </ItemGroup>
  <ItemGroup>
    <ClCompile Include="Kaolla.cpp">
      <Filter>源文件</Filter>
    </ClCompile>
    <ClCompile Include="Sprite.cpp">
      <Filter>源文件</Filter>
    </ClCompile>
    <ClCompile Include="OptionsDlg.cpp">
      <Filter>源文件</Filter>
    </ClCompile>
    <ClCompile Include="Animation.cpp">
      <Filter>源文件</Filter>
    </ClCompile>
  </ItemGroup>
  <ItemGroup>
    <ClInclude Include="resource.h">
      <Filter>头文件</Filter>
    </ClInclude>
    <ClInclude Include="Sprite.h">
      <Filter>头文件</Filter>
    </ClInclude>
    <ClInclude Include="OptionsDlg.h">
      <Filter>头文件</Filter>
    </ClInclude>
    <ClInclude Include="Animation.h">
      <Filter>头文件</Filter>
    </ClInclude>
    <ClInclude Include="hook.h">
      <Filter>头文件</Filter>
    </ClInclude>
    <ClInclude Include="StateMachine.h">
      <Filter>头文件</Filter>
    </ClInclude>
    <ClInclude Include="random.h">
      <Filter>头文件</Filter>
    </ClInclude>
  </ItemGroup>
  <ItemGroup>
    <ResourceCompile Include="Resource.rc">
      <Filter>资源文件</Filter>
    </ResourceCompile>
  </ItemGroup>
  <ItemGroup>
    <Image Include="images\usual.bmp">
      <Filter>资源文件</Filter>
    </Image>
    <Image Include="images\blink\136.bmp">
      <Filter>资源文件</Filter>
    </Image>
    <Image Include="images\blink\137.bmp">
      <Filter>资源文件</Filter>
    </Image>
    <Image Include="images\blink\138.bmp">
      <Filter>资源文件</Filter>
    </Image>
    <Image Include="images\laugh\445.bmp">
      <Filter>资源文件</Filter>
    </Image>
    <Image Include="images\laugh\446.bmp">
      <Filter>资源文件</Filter>
    </Image>
    <Image Include="images\laugh\447.bmp">
      <Filter>资源文件</Filter>
    </Image>
    <Image Include="images\laugh\448.bmp">
      <Filter>资源文件</Filter>
    </Image>
    <Image Include="images\laugh\449.bmp">
      <Filter>资源文件</Filter>
    </Image>
    <Image Include="images\laugh\450.bmp">
      <Filter>资源文件</Filter>
    </Image>
    <Image Include="images\hypsokinesis\792.bmp">
      <Filter>资源文件</Filter>
    </Image>
    <Image Include="images\hypsokinesis\793.bmp">
      <Filter>资源文件</Filter>
    </Image>
    <Image Include="images\hypsokinesis\794.bmp">
      <Filter>资源文件</Filter>
    </Image>
    <Image Include="images\hypsokinesis\795.bmp">
      <Filter>资源文件</Filter>
    </Image>
    <Image Include="images\hypsokinesis\796.bmp">
      <Filter>资源文件</Filter>
    </Image>
    <Image Include="images\hypsokinesis\797.bmp">
      <Filter>资源文件</Filter>
    </Image>
    <Image Include="images\hypsokinesis\798.bmp">
      <Filter>资源文件</Filter>
    </Image>
    <Image Include="images\hypsokinesis\799.bmp">
      <Filter>资源文件</Filter>
    </Image>
    <Image Include="128.ico">
      <Filter>资源文件</Filter>
    </Image>
  </ItemGroup>
  <ItemGroup>
    <Manifest Include="app.manifest">
      <Filter>资源文件</Filter>
    </Manifest>
  </ItemGroup>
  <ItemGroup>
    <Media Include="sounds\00001.wav">
      <Filter>资源文件</Filter>
    </Media>
    <Media Include="sounds\00002.wav">
      <Filter>资源文件</Filter>
    </Media>
    <Media Include="sounds\00003.wav">
      <Filter>资源文件</Filter>
    </Media>
    <Media Include="sounds\00004.wav">
      <Filter>资源文件</Filter>
    </Media>
    <Media Include="sounds\00005.wav">
      <Filter>资源文件</Filter>
    </Media>
  </ItemGroup>
</Project>